
Microsoft Visual Studio Solution File, Format Version 12.00
# Visual Studio Version 16
VisualStudioVersion = 16.0.29020.237
MinimumVisualStudioVersion = 10.0.40219.1
Project("{6EC3EE1D-3C4E-46DD-8F32-0CC8E7565705}") = "Client", "src\Client\Client.fsproj", "{73E8E820-C8AA-47CC-BB2B-152CA4D0B855}"
EndProject
Project("{2150E333-8FDC-42A3-9474-1A3956D46DE8}") = "Solution Items", "Solution Items", "{08CCFCF6-2248-43ED-A6EF-E972A2DA0E6A}"
	ProjectSection(SolutionItems) = preProject
		build.fsx = build.fsx
		package.json = package.json
		paket.dependencies = paket.dependencies
		paket.lock = paket.lock
		README.md = README.md
		webpack.config.js = webpack.config.js
		yarn.lock = yarn.lock
	EndProjectSection
EndProject
Project("{9A19103F-16F7-4668-BE54-9A1E7A4F7556}") = "Bot", "src\Bot\Bot.csproj", "{7264DA14-FA00-4D6B-A59A-95724949AFB7}"
EndProject
Project("{9A19103F-16F7-4668-BE54-9A1E7A4F7556}") = "Core", "src\Core\Core.csproj", "{43DFAB04-B8D6-434D-9094-7163BC0A378C}"
EndProject
Project("{9A19103F-16F7-4668-BE54-9A1E7A4F7556}") = "DemoInfo", "src\DemoInfo\DemoInfo.csproj", "{B136E678-443A-4C14-B885-EF84B6CC4503}"
EndProject
Project("{9A19103F-16F7-4668-BE54-9A1E7A4F7556}") = "Services", "src\Services\Services.csproj", "{765241CE-B6B8-41E5-9410-A4457D3B6388}"
EndProject
Project("{6EC3EE1D-3C4E-46DD-8F32-0CC8E7565705}") = "CSGO-Demo-Backend", "src\CSGO-Demo-Backend\CSGO-Demo-Backend.fsproj", "{BE2A6B58-D069-4FF9-895E-D8DF11C5A725}"
EndProject
Global
	GlobalSection(SolutionConfigurationPlatforms) = preSolution
		Debug|Any CPU = Debug|Any CPU
		Release|Any CPU = Release|Any CPU
	EndGlobalSection
	GlobalSection(ProjectConfigurationPlatforms) = postSolution
		{73E8E820-C8AA-47CC-BB2B-152CA4D0B855}.Debug|Any CPU.ActiveCfg = Debug|Any CPU
		{73E8E820-C8AA-47CC-BB2B-152CA4D0B855}.Release|Any CPU.ActiveCfg = Release|Any CPU
		{7264DA14-FA00-4D6B-A59A-95724949AFB7}.Debug|Any CPU.ActiveCfg = Debug|Any CPU
		{7264DA14-FA00-4D6B-A59A-95724949AFB7}.Debug|Any CPU.Build.0 = Debug|Any CPU
		{7264DA14-FA00-4D6B-A59A-95724949AFB7}.Release|Any CPU.ActiveCfg = Release|Any CPU
		{7264DA14-FA00-4D6B-A59A-95724949AFB7}.Release|Any CPU.Build.0 = Release|Any CPU
		{43DFAB04-B8D6-434D-9094-7163BC0A378C}.Debug|Any CPU.ActiveCfg = Debug|Any CPU
		{43DFAB04-B8D6-434D-9094-7163BC0A378C}.Debug|Any CPU.Build.0 = Debug|Any CPU
		{43DFAB04-B8D6-434D-9094-7163BC0A378C}.Release|Any CPU.ActiveCfg = Release|Any CPU
		{43DFAB04-B8D6-434D-9094-7163BC0A378C}.Release|Any CPU.Build.0 = Release|Any CPU
		{B136E678-443A-4C14-B885-EF84B6CC4503}.Debug|Any CPU.ActiveCfg = Debug|Any CPU
		{B136E678-443A-4C14-B885-EF84B6CC4503}.Debug|Any CPU.Build.0 = Debug|Any CPU
		{B136E678-443A-4C14-B885-EF84B6CC4503}.Release|Any CPU.ActiveCfg = Release|Any CPU
		{B136E678-443A-4C14-B885-EF84B6CC4503}.Release|Any CPU.Build.0 = Release|Any CPU
		{765241CE-B6B8-41E5-9410-A4457D3B6388}.Debug|Any CPU.ActiveCfg = Debug|Any CPU
		{765241CE-B6B8-41E5-9410-A4457D3B6388}.Debug|Any CPU.Build.0 = Debug|Any CPU
		{765241CE-B6B8-41E5-9410-A4457D3B6388}.Release|Any CPU.ActiveCfg = Release|Any CPU
		{765241CE-B6B8-41E5-9410-A4457D3B6388}.Release|Any CPU.Build.0 = Release|Any CPU
		{BE2A6B58-D069-4FF9-895E-D8DF11C5A725}.Debug|Any CPU.ActiveCfg = Debug|Any CPU
		{BE2A6B58-D069-4FF9-895E-D8DF11C5A725}.Debug|Any CPU.Build.0 = Debug|Any CPU
		{BE2A6B58-D069-4FF9-895E-D8DF11C5A725}.Release|Any CPU.ActiveCfg = Release|Any CPU
		{BE2A6B58-D069-4FF9-895E-D8DF11C5A725}.Release|Any CPU.Build.0 = Release|Any CPU
	EndGlobalSection
	GlobalSection(SolutionProperties) = preSolution
		HideSolutionNode = FALSE
	EndGlobalSection
	GlobalSection(ExtensibilityGlobals) = postSolution
		SolutionGuid = {7A0AA30E-4CD9-4359-9513-BA68E2E85245}
	EndGlobalSection
EndGlobal
